// !$*UTF8*$!
{
	archiveVersion = 1;
	classes = {
	};
	objectVersion = 46;
	objects = {

/* Begin PBXBuildFile section */
		470206B91F0E32960075C26D /* main.m in Sources */ = {isa = PBXBuildFile; fileRef = 470206B81F0E32960075C26D /* main.m */; };
		470206BC1F0E32960075C26D /* AppDelegate.m in Sources */ = {isa = PBXBuildFile; fileRef = 470206BB1F0E32960075C26D /* AppDelegate.m */; };
		470206BF1F0E32960075C26D /* ViewController.m in Sources */ = {isa = PBXBuildFile; fileRef = 470206BE1F0E32960075C26D /* ViewController.m */; };
		470206C21F0E32960075C26D /* Main.storyboard in Resources */ = {isa = PBXBuildFile; fileRef = 470206C01F0E32960075C26D /* Main.storyboard */; };
		470206C41F0E32960075C26D /* Assets.xcassets in Resources */ = {isa = PBXBuildFile; fileRef = 470206C31F0E32960075C26D /* Assets.xcassets */; };
		470206C71F0E32960075C26D /* LaunchScreen.storyboard in Resources */ = {isa = PBXBuildFile; fileRef = 470206C51F0E32960075C26D /* LaunchScreen.storyboard */; };
		470206D21F0E32960075C26D /* ExchangeRatesCalculatorTests.m in Sources */ = {isa = PBXBuildFile; fileRef = 470206D11F0E32960075C26D /* ExchangeRatesCalculatorTests.m */; };
		470206DD1F0E32960075C26D /* ExchangeRatesCalculatorUITests.m in Sources */ = {isa = PBXBuildFile; fileRef = 470206DC1F0E32960075C26D /* ExchangeRatesCalculatorUITests.m */; };
/* End PBXBuildFile section */

/* Begin PBXContainerItemProxy section */
		470206CE1F0E32960075C26D /* PBXContainerItemProxy */ = {
			isa = PBXContainerItemProxy;
			containerPortal = 470206AC1F0E32960075C26D /* Project object */;
			proxyType = 1;
			remoteGlobalIDString = 470206B31F0E32960075C26D;
			remoteInfo = ExchangeRatesCalculator;
		};
		470206D91F0E32960075C26D /* PBXContainerItemProxy */ = {
			isa = PBXContainerItemProxy;
			containerPortal = 470206AC1F0E32960075C26D /* Project object */;
			proxyType = 1;
			remoteGlobalIDString = 470206B31F0E32960075C26D;
			remoteInfo = ExchangeRatesCalculator;
		};
/* End PBXContainerItemProxy section */

/* Begin PBXFileReference section */
		470206B41F0E32960075C26D /* ExchangeRatesCalculator.app */ = {isa = PBXFileReference; explicitFileType = wrapper.application; includeInIndex = 0; path = ExchangeRatesCalculator.app; sourceTree = BUILT_PRODUCTS_DIR; };
		470206B81F0E32960075C26D /* main.m */ = {isa = PBXFileReference; lastKnownFileType = sourcecode.c.objc; path = main.m; sourceTree = "<group>"; };
		470206BA1F0E32960075C26D /* AppDelegate.h */ = {isa = PBXFileReference; lastKnownFileType = sourcecode.c.h; path = AppDelegate.h; sourceTree = "<group>"; };
		470206BB1F0E32960075C26D /* AppDelegate.m */ = {isa = PBXFileReference; lastKnownFileType = sourcecode.c.objc; path = AppDelegate.m; sourceTree = "<group>"; };
		470206BD1F0E32960075C26D /* ViewController.h */ = {isa = PBXFileReference; lastKnownFileType = sourcecode.c.h; path = ViewController.h; sourceTree = "<group>"; };
		470206BE1F0E32960075C26D /* ViewController.m */ = {isa = PBXFileReference; lastKnownFileType = sourcecode.c.objc; path = ViewController.m; sourceTree = "<group>"; };
		470206C11F0E32960075C26D /* Base */ = {isa = PBXFileReference; lastKnownFileType = file.storyboard; name = Base; path = Base.lproj/Main.storyboard; sourceTree = "<group>"; };
		470206C31F0E32960075C26D /* Assets.xcassets */ = {isa = PBXFileReference; lastKnownFileType = folder.assetcatalog; path = Assets.xcassets; sourceTree = "<group>"; };
		470206C61F0E32960075C26D /* Base */ = {isa = PBXFileReference; lastKnownFileType = file.storyboard; name = Base; path = Base.lproj/LaunchScreen.storyboard; sourceTree = "<group>"; };
		470206C81F0E32960075C26D /* Info.plist */ = {isa = PBXFileReference; lastKnownFileType = text.plist.xml; path = Info.plist; sourceTree = "<group>"; };
		470206CD1F0E32960075C26D /* ExchangeRatesCalculatorTests.xctest */ = {isa = PBXFileReference; explicitFileType = wrapper.cfbundle; includeInIndex = 0; path = ExchangeRatesCalculatorTests.xctest; sourceTree = BUILT_PRODUCTS_DIR; };
		470206D11F0E32960075C26D /* ExchangeRatesCalculatorTests.m */ = {isa = PBXFileReference; lastKnownFileType = sourcecode.c.objc; path = ExchangeRatesCalculatorTests.m; sourceTree = "<group>"; };
		470206D31F0E32960075C26D /* Info.plist */ = {isa = PBXFileReference; lastKnownFileType = text.plist.xml; path = Info.plist; sourceTree = "<group>"; };
		470206D81F0E32960075C26D /* ExchangeRatesCalculatorUITests.xctest */ = {isa = PBXFileReference; explicitFileType = wrapper.cfbundle; includeInIndex = 0; path = ExchangeRatesCalculatorUITests.xctest; sourceTree = BUILT_PRODUCTS_DIR; };
		470206DC1F0E32960075C26D /* ExchangeRatesCalculatorUITests.m */ = {isa = PBXFileReference; lastKnownFileType = sourcecode.c.objc; path = ExchangeRatesCalculatorUITests.m; sourceTree = "<group>"; };
		470206DE1F0E32960075C26D /* Info.plist */ = {isa = PBXFileReference; lastKnownFileType = text.plist.xml; path = Info.plist; sourceTree = "<group>"; };
/* End PBXFileReference section */

/* Begin PBXFrameworksBuildPhase section */
		470206B11F0E32960075C26D /* Frameworks */ = {
			isa = PBXFrameworksBuildPhase;
			buildActionMask = 2147483647;
			files = (
			);
			runOnlyForDeploymentPostprocessing = 0;
		};
		470206CA1F0E32960075C26D /* Frameworks */ = {
			isa = PBXFrameworksBuildPhase;
			buildActionMask = 2147483647;
			files = (
			);
			runOnlyForDeploymentPostprocessing = 0;
		};
		470206D51F0E32960075C26D /* Frameworks */ = {
			isa = PBXFrameworksBuildPhase;
			buildActionMask = 2147483647;
			files = (
			);
			runOnlyForDeploymentPostprocessing = 0;
		};
/* End PBXFrameworksBuildPhase section */

/* Begin PBXGroup section */
		470206AB1F0E32960075C26D = {
			isa = PBXGroup;
			children = (
				470206B61F0E32960075C26D /* ExchangeRatesCalculator */,
				470206D01F0E32960075C26D /* ExchangeRatesCalculatorTests */,
				470206DB1F0E32960075C26D /* ExchangeRatesCalculatorUITests */,
				470206B51F0E32960075C26D /* Products */,
			);
			sourceTree = "<group>";
		};
		470206B51F0E32960075C26D /* Products */ = {
			isa = PBXGroup;
			children = (
				470206B41F0E32960075C26D /* ExchangeRatesCalculator.app */,
				470206CD1F0E32960075C26D /* ExchangeRatesCalculatorTests.xctest */,
				470206D81F0E32960075C26D /* ExchangeRatesCalculatorUITests.xctest */,
			);
			name = Products;
			sourceTree = "<group>";
		};
		470206B61F0E32960075C26D /* ExchangeRatesCalculator */ = {
			isa = PBXGroup;
			children = (
				470206BA1F0E32960075C26D /* AppDelegate.h */,
				470206BB1F0E32960075C26D /* AppDelegate.m */,
				470206BD1F0E32960075C26D /* ViewController.h */,
				470206BE1F0E32960075C26D /* ViewController.m */,
				470206C01F0E32960075C26D /* Main.storyboard */,
				470206C31F0E32960075C26D /* Assets.xcassets */,
				470206C51F0E32960075C26D /* LaunchScreen.storyboard */,
				470206C81F0E32960075C26D /* Info.plist */,
				470206B71F0E32960075C26D /* Supporting Files */,
			);
			path = ExchangeRatesCalculator;
			sourceTree = "<group>";
		};
		470206B71F0E32960075C26D /* Supporting Files */ = {
			isa = PBXGroup;
			children = (
				470206B81F0E32960075C26D /* main.m */,
			);
			name = "Supporting Files";
			sourceTree = "<group>";
		};
		470206D01F0E32960075C26D /* ExchangeRatesCalculatorTests */ = {
			isa = PBXGroup;
			children = (
				470206D11F0E32960075C26D /* ExchangeRatesCalculatorTests.m */,
				470206D31F0E32960075C26D /* Info.plist */,
			);
			path = ExchangeRatesCalculatorTests;
			sourceTree = "<group>";
		};
		470206DB1F0E32960075C26D /* ExchangeRatesCalculatorUITests */ = {
			isa = PBXGroup;
			children = (
				470206DC1F0E32960075C26D /* ExchangeRatesCalculatorUITests.m */,
				470206DE1F0E32960075C26D /* Info.plist */,
			);
			path = ExchangeRatesCalculatorUITests;
			sourceTree = "<group>";
		};
/* End PBXGroup section */

/* Begin PBXNativeTarget section */
		470206B31F0E32960075C26D /* ExchangeRatesCalculator */ = {
			isa = PBXNativeTarget;
			buildConfigurationList = 470206E11F0E32960075C26D /* Build configuration list for PBXNativeTarget "ExchangeRatesCalculator" */;
			buildPhases = (
				470206B01F0E32960075C26D /* Sources */,
				470206B11F0E32960075C26D /* Frameworks */,
				470206B21F0E32960075C26D /* Resources */,
			);
			buildRules = (
			);
			dependencies = (
			);
			name = ExchangeRatesCalculator;
			productName = ExchangeRatesCalculator;
			productReference = 470206B41F0E32960075C26D /* ExchangeRatesCalculator.app */;
			productType = "com.apple.product-type.application";
		};
		470206CC1F0E32960075C26D /* ExchangeRatesCalculatorTests */ = {
			isa = PBXNativeTarget;
			buildConfigurationList = 470206E41F0E32960075C26D /* Build configuration list for PBXNativeTarget "ExchangeRatesCalculatorTests" */;
			buildPhases = (
				470206C91F0E32960075C26D /* Sources */,
				470206CA1F0E32960075C26D /* Frameworks */,
				470206CB1F0E32960075C26D /* Resources */,
			);
			buildRules = (
			);
			dependencies = (
				470206CF1F0E32960075C26D /* PBXTargetDependency */,
			);
			name = ExchangeRatesCalculatorTests;
			productName = ExchangeRatesCalculatorTests;
			productReference = 470206CD1F0E32960075C26D /* ExchangeRatesCalculatorTests.xctest */;
			productType = "com.apple.product-type.bundle.unit-test";
		};
		470206D71F0E32960075C26D /* ExchangeRatesCalculatorUITests */ = {
			isa = PBXNativeTarget;
			buildConfigurationList = 470206E71F0E32960075C26D /* Build configuration list for PBXNativeTarget "ExchangeRatesCalculatorUITests" */;
			buildPhases = (
				470206D41F0E32960075C26D /* Sources */,
				470206D51F0E32960075C26D /* Frameworks */,
				470206D61F0E32960075C26D /* Resources */,
			);
			buildRules = (
			);
			dependencies = (
				470206DA1F0E32960075C26D /* PBXTargetDependency */,
			);
			name = ExchangeRatesCalculatorUITests;
			productName = ExchangeRatesCalculatorUITests;
			productReference = 470206D81F0E32960075C26D /* ExchangeRatesCalculatorUITests.xctest */;
			productType = "com.apple.product-type.bundle.ui-testing";
		};
/* End PBXNativeTarget section */

/* Begin PBXProject section */
		470206AC1F0E32960075C26D /* Project object */ = {
			isa = PBXProject;
			attributes = {
				LastUpgradeCheck = 0830;
				ORGANIZATIONNAME = "Dmitriy Makhov";
				TargetAttributes = {
					470206B31F0E32960075C26D = {
						CreatedOnToolsVersion = 8.3.3;
						ProvisioningStyle = Automatic;
					};
					470206CC1F0E32960075C26D = {
						CreatedOnToolsVersion = 8.3.3;
						ProvisioningStyle = Automatic;
						TestTargetID = 470206B31F0E32960075C26D;
					};
					470206D71F0E32960075C26D = {
						CreatedOnToolsVersion = 8.3.3;
						ProvisioningStyle = Automatic;
						TestTargetID = 470206B31F0E32960075C26D;
					};
				};
			};
			buildConfigurationList = 470206AF1F0E32960075C26D /* Build configuration list for PBXProject "ExchangeRatesCalculator" */;
			compatibilityVersion = "Xcode 3.2";
			developmentRegion = English;
			hasScannedForEncodings = 0;
			knownRegions = (
				en,
				Base,
			);
			mainGroup = 470206AB1F0E32960075C26D;
			productRefGroup = 470206B51F0E32960075C26D /* Products */;
			projectDirPath = "";
			projectRoot = "";
			targets = (
				470206B31F0E32960075C26D /* ExchangeRatesCalculator */,
				470206CC1F0E32960075C26D /* ExchangeRatesCalculatorTests */,
				470206D71F0E32960075C26D /* ExchangeRatesCalculatorUITests */,
			);
		};
/* End PBXProject section */

/* Begin PBXResourcesBuildPhase section */
		470206B21F0E32960075C26D /* Resources */ = {
			isa = PBXResourcesBuildPhase;
			buildActionMask = 2147483647;
			files = (
				470206C71F0E32960075C26D /* LaunchScreen.storyboard in Resources */,
				470206C41F0E32960075C26D /* Assets.xcassets in Resources */,
				470206C21F0E32960075C26D /* Main.storyboard in Resources */,
			);
			runOnlyForDeploymentPostprocessing = 0;
		};
		470206CB1F0E32960075C26D /* Resources */ = {
			isa = PBXResourcesBuildPhase;
			buildActionMask = 2147483647;
			files = (
			);
			runOnlyForDeploymentPostprocessing = 0;
		};
		470206D61F0E32960075C26D /* Resources */ = {
			isa = PBXResourcesBuildPhase;
			buildActionMask = 2147483647;
			files = (
			);
			runOnlyForDeploymentPostprocessing = 0;
		};
/* End PBXResourcesBuildPhase section */

/* Begin PBXSourcesBuildPhase section */
		470206B01F0E32960075C26D /* Sources */ = {
			isa = PBXSourcesBuildPhase;
			buildActionMask = 2147483647;
			files = (
				470206BF1F0E32960075C26D /* ViewController.m in Sources */,
				470206BC1F0E32960075C26D /* AppDelegate.m in Sources */,
				470206B91F0E32960075C26D /* main.m in Sources */,
			);
			runOnlyForDeploymentPostprocessing = 0;
		};
		470206C91F0E32960075C26D /* Sources */ = {
			isa = PBXSourcesBuildPhase;
			buildActionMask = 2147483647;
			files = (
				470206D21F0E32960075C26D /* ExchangeRatesCalculatorTests.m in Sources */,
			);
			runOnlyForDeploymentPostprocessing = 0;
		};
		470206D41F0E32960075C26D /* Sources */ = {
			isa = PBXSourcesBuildPhase;
			buildActionMask = 2147483647;
			files = (
				470206DD1F0E32960075C26D /* ExchangeRatesCalculatorUITests.m in Sources */,
			);
			runOnlyForDeploymentPostprocessing = 0;
		};
/* End PBXSourcesBuildPhase section */

/* Begin PBXTargetDependency section */
		470206CF1F0E32960075C26D /* PBXTargetDependency */ = {
			isa = PBXTargetDependency;
			target = 470206B31F0E32960075C26D /* ExchangeRatesCalculator */;
			targetProxy = 470206CE1F0E32960075C26D /* PBXContainerItemProxy */;
		};
		470206DA1F0E32960075C26D /* PBXTargetDependency */ = {
			isa = PBXTargetDependency;
			target = 470206B31F0E32960075C26D /* ExchangeRatesCalculator */;
			targetProxy = 470206D91F0E32960075C26D /* PBXContainerItemProxy */;
		};
/* End PBXTargetDependency section */

/* Begin PBXVariantGroup section */
		470206C01F0E32960075C26D /* Main.storyboard */ = {
			isa = PBXVariantGroup;
			children = (
				470206C11F0E32960075C26D /* Base */,
			);
			name = Main.storyboard;
			sourceTree = "<group>";
		};
		470206C51F0E32960075C26D /* LaunchScreen.storyboard */ = {
			isa = PBXVariantGroup;
			children = (
				470206C61F0E32960075C26D /* Base */,
			);
			name = LaunchScreen.storyboard;
			sourceTree = "<group>";
		};
/* End PBXVariantGroup section */

/* Begin XCBuildConfiguration section */
		470206DF1F0E32960075C26D /* Debug */ = {
			isa = XCBuildConfiguration;
			buildSettings = {
				ALWAYS_SEARCH_USER_PATHS = NO;
				CLANG_ANALYZER_NONNULL = YES;
				CLANG_ANALYZER_NUMBER_OBJECT_CONVERSION = YES_AGGRESSIVE;
				CLANG_CXX_LANGUAGE_STANDARD = "gnu++0x";
				CLANG_CXX_LIBRARY = "libc++";
				CLANG_ENABLE_MODULES = YES;
				CLANG_ENABLE_OBJC_ARC = YES;
				CLANG_WARN_BOOL_CONVERSION = YES;
				CLANG_WARN_CONSTANT_CONVERSION = YES;
				CLANG_WARN_DIRECT_OBJC_ISA_USAGE = YES_ERROR;
				CLANG_WARN_DOCUMENTATION_COMMENTS = YES;
				CLANG_WARN_EMPTY_BODY = YES;
				CLANG_WARN_ENUM_CONVERSION = YES;
				CLANG_WARN_INFINITE_RECURSION = YES;
				CLANG_WARN_INT_CONVERSION = YES;
				CLANG_WARN_OBJC_ROOT_CLASS = YES_ERROR;
				CLANG_WARN_SUSPICIOUS_MOVE = YES;
				CLANG_WARN_UNREACHABLE_CODE = YES;
				CLANG_WARN__DUPLICATE_METHOD_MATCH = YES;
				"CODE_SIGN_IDENTITY[sdk=iphoneos*]" = "iPhone Developer";
				COPY_PHASE_STRIP = NO;
				DEBUG_INFORMATION_FORMAT = dwarf;
				ENABLE_STRICT_OBJC_MSGSEND = YES;
				ENABLE_TESTABILITY = YES;
				GCC_C_LANGUAGE_STANDARD = gnu99;
				GCC_DYNAMIC_NO_PIC = NO;
				GCC_NO_COMMON_BLOCKS = YES;
				GCC_OPTIMIZATION_LEVEL = 0;
				GCC_PREPROCESSOR_DEFINITIONS = (
					"DEBUG=1",
					"$(inherited)",
				);
				GCC_WARN_64_TO_32_BIT_CONVERSION = YES;
				GCC_WARN_ABOUT_RETURN_TYPE = YES_ERROR;
				GCC_WARN_UNDECLARED_SELECTOR = YES;
				GCC_WARN_UNINITIALIZED_AUTOS = YES_AGGRESSIVE;
				GCC_WARN_UNUSED_FUNCTION = YES;
				GCC_WARN_UNUSED_VARIABLE = YES;
				IPHONEOS_DEPLOYMENT_TARGET = 10.3;
				MTL_ENABLE_DEBUG_INFO = YES;
				ONLY_ACTIVE_ARCH = YES;
				SDKROOT = iphoneos;
				TARGETED_DEVICE_FAMILY = "1,2";
			};
			name = Debug;
		};
		470206E01F0E32960075C26D /* Release */ = {
			isa = XCBuildConfiguration;
			buildSettings = {
				ALWAYS_SEARCH_USER_PATHS = NO;
				CLANG_ANALYZER_NONNULL = YES;
				CLANG_ANALYZER_NUMBER_OBJECT_CONVERSION = YES_AGGRESSIVE;
				CLANG_CXX_LANGUAGE_STANDARD = "gnu++0x";
				CLANG_CXX_LIBRARY = "libc++";
				CLANG_ENABLE_MODULES = YES;
				CLANG_ENABLE_OBJC_ARC = YES;
				CLANG_WARN_BOOL_CONVERSION = YES;
				CLANG_WARN_CONSTANT_CONVERSION = YES;
				CLANG_WARN_DIRECT_OBJC_ISA_USAGE = YES_ERROR;
				CLANG_WARN_DOCUMENTATION_COMMENTS = YES;
				CLANG_WARN_EMPTY_BODY = YES;
				CLANG_WARN_ENUM_CONVERSION = YES;
				CLANG_WARN_INFINITE_RECURSION = YES;
				CLANG_WARN_INT_CONVERSION = YES;
				CLANG_WARN_OBJC_ROOT_CLASS = YES_ERROR;
				CLANG_WARN_SUSPICIOUS_MOVE = YES;
				CLANG_WARN_UNREACHABLE_CODE = YES;
				CLANG_WARN__DUPLICATE_METHOD_MATCH = YES;
				"CODE_SIGN_IDENTITY[sdk=iphoneos*]" = "iPhone Developer";
				COPY_PHASE_STRIP = NO;
				DEBUG_INFORMATION_FORMAT = "dwarf-with-dsym";
				ENABLE_NS_ASSERTIONS = NO;
				ENABLE_STRICT_OBJC_MSGSEND = YES;
				GCC_C_LANGUAGE_STANDARD = gnu99;
				GCC_NO_COMMON_BLOCKS = YES;
				GCC_WARN_64_TO_32_BIT_CONVERSION = YES;
				GCC_WARN_ABOUT_RETURN_TYPE = YES_ERROR;
				GCC_WARN_UNDECLARED_SELECTOR = YES;
				GCC_WARN_UNINITIALIZED_AUTOS = YES_AGGRESSIVE;
				GCC_WARN_UNUSED_FUNCTION = YES;
				GCC_WARN_UNUSED_VARIABLE = YES;
				IPHONEOS_DEPLOYMENT_TARGET = 10.3;
				MTL_ENABLE_DEBUG_INFO = NO;
				SDKROOT = iphoneos;
				TARGETED_DEVICE_FAMILY = "1,2";
				VALIDATE_PRODUCT = YES;
			};
			name = Release;
		};
		470206E21F0E32960075C26D /* Debug */ = {
			isa = XCBuildConfiguration;
			buildSettings = {
				ASSETCATALOG_COMPILER_APPICON_NAME = AppIcon;
				INFOPLIST_FILE = ExchangeRatesCalculator/Info.plist;
				LD_RUNPATH_SEARCH_PATHS = "$(inherited) @executable_path/Frameworks";
				PRODUCT_BUNDLE_IDENTIFIER = com.mahovd.ExchangeRatesCalculator;
				PRODUCT_NAME = "$(TARGET_NAME)";
			};
			name = Debug;
		};
		470206E31F0E32960075C26D /* Release */ = {
			isa = XCBuildConfiguration;
			buildSettings = {
				ASSETCATALOG_COMPILER_APPICON_NAME = AppIcon;
				INFOPLIST_FILE = ExchangeRatesCalculator/Info.plist;
				LD_RUNPATH_SEARCH_PATHS = "$(inherited) @executable_path/Frameworks";
				PRODUCT_BUNDLE_IDENTIFIER = com.mahovd.ExchangeRatesCalculator;
				PRODUCT_NAME = "$(TARGET_NAME)";
			};
			name = Release;
		};
		470206E51F0E32960075C26D /* Debug */ = {
			isa = XCBuildConfiguration;
			buildSettings = {
				BUNDLE_LOADER = "$(TEST_HOST)";
				INFOPLIST_FILE = ExchangeRatesCalculatorTests/Info.plist;
				LD_RUNPATH_SEARCH_PATHS = "$(inherited) @executable_path/Frameworks @loader_path/Frameworks";
				PRODUCT_BUNDLE_IDENTIFIER = com.mahovd.ExchangeRatesCalculatorTests;
				PRODUCT_NAME = "$(TARGET_NAME)";
				TEST_HOST = "$(BUILT_PRODUCTS_DIR)/ExchangeRatesCalculator.app/ExchangeRatesCalculator";
			};
			name = Debug;
		};
		470206E61F0E32960075C26D /* Release */ = {
			isa = XCBuildConfiguration;
			buildSettings = {
				BUNDLE_LOADER = "$(TEST_HOST)";
				INFOPLIST_FILE = ExchangeRatesCalculatorTests/Info.plist;
				LD_RUNPATH_SEARCH_PATHS = "$(inherited) @executable_path/Frameworks @loader_path/Frameworks";
				PRODUCT_BUNDLE_IDENTIFIER = com.mahovd.ExchangeRatesCalculatorTests;
				PRODUCT_NAME = "$(TARGET_NAME)";
				TEST_HOST = "$(BUILT_PRODUCTS_DIR)/ExchangeRatesCalculator.app/ExchangeRatesCalculator";
			};
			name = Release;
		};
		470206E81F0E32960075C26D /* Debug */ = {
			isa = XCBuildConfiguration;
			buildSettings = {
				INFOPLIST_FILE = ExchangeRatesCalculatorUITests/Info.plist;
				LD_RUNPATH_SEARCH_PATHS = "$(inherited) @executable_path/Frameworks @loader_path/Frameworks";
				PRODUCT_BUNDLE_IDENTIFIER = com.mahovd.ExchangeRatesCalculatorUITests;
				PRODUCT_NAME = "$(TARGET_NAME)";
				TEST_TARGET_NAME = ExchangeRatesCalculator;
			};
			name = Debug;
		};
		470206E91F0E32960075C26D /* Release */ = {
			isa = XCBuildConfiguration;
			buildSettings = {
				INFOPLIST_FILE = ExchangeRatesCalculatorUITests/Info.plist;
				LD_RUNPATH_SEARCH_PATHS = "$(inherited) @executable_path/Frameworks @loader_path/Frameworks";
				PRODUCT_BUNDLE_IDENTIFIER = com.mahovd.ExchangeRatesCalculatorUITests;
				PRODUCT_NAME = "$(TARGET_NAME)";
				TEST_TARGET_NAME = ExchangeRatesCalculator;
			};
			name = Release;
		};
/* End XCBuildConfiguration section */

/* Begin XCConfigurationList section */
		470206AF1F0E32960075C26D /* Build configuration list for PBXProject "ExchangeRatesCalculator" */ = {
			isa = XCConfigurationList;
			buildConfigurations = (
				470206DF1F0E32960075C26D /* Debug */,
				470206E01F0E32960075C26D /* Release */,
			);
			defaultConfigurationIsVisible = 0;
			defaultConfigurationName = Release;
		};
		470206E11F0E32960075C26D /* Build configuration list for PBXNativeTarget "ExchangeRatesCalculator" */ = {
			isa = XCConfigurationList;
			buildConfigurations = (
				470206E21F0E32960075C26D /* Debug */,
				470206E31F0E32960075C26D /* Release */,
			);
			defaultConfigurationIsVisible = 0;
		};
		470206E41F0E32960075C26D /* Build configuration list for PBXNativeTarget "ExchangeRatesCalculatorTests" */ = {
			isa = XCConfigurationList;
			buildConfigurations = (
				470206E51F0E32960075C26D /* Debug */,
				470206E61F0E32960075C26D /* Release */,
			);
			defaultConfigurationIsVisible = 0;
		};
		470206E71F0E32960075C26D /* Build configuration list for PBXNativeTarget "ExchangeRatesCalculatorUITests" */ = {
			isa = XCConfigurationList;
			buildConfigurations = (
				470206E81F0E32960075C26D /* Debug */,
				470206E91F0E32960075C26D /* Release */,
			);
			defaultConfigurationIsVisible = 0;
		};
/* End XCConfigurationList section */
	};
	rootObject = 470206AC1F0E32960075C26D /* Project object */;
}
